
Microsoft Visual Studio Solution File, Format Version 12.00
# Visual Studio Version 17
VisualStudioVersion = 17.6.33801.468
MinimumVisualStudioVersion = 10.0.40219.1
Project("{FAE04EC0-301F-11D3-BF4B-00C04F79EFBC}") = "DevJobSystem", "DevJobSystem\DevJobSystem.csproj", "{50FF19F8-F575-4661-874A-E57E1D6F8482}"
EndProject
Global
	GlobalSection(SolutionConfigurationPlatforms) = preSolution
		Debug|Any CPU = Debug|Any CPU
		Release|Any CPU = Release|Any CPU
	EndGlobalSection
	GlobalSection(ProjectConfigurationPlatforms) = postSolution
		{50FF19F8-F575-4661-874A-E57E1D6F8482}.Debug|Any CPU.ActiveCfg = Debug|Any CPU
		{50FF19F8-F575-4661-874A-E57E1D6F8482}.Debug|Any CPU.Build.0 = Debug|Any CPU
		{50FF19F8-F575-4661-874A-E57E1D6F8482}.Release|Any CPU.ActiveCfg = Release|Any CPU
		{50FF19F8-F575-4661-874A-E57E1D6F8482}.Release|Any CPU.Build.0 = Release|Any CPU
	EndGlobalSection
	GlobalSection(SolutionProperties) = preSolution
		HideSolutionNode = FALSE
	EndGlobalSection
	GlobalSection(ExtensibilityGlobals) = postSolution
		SolutionGuid = {0B058F69-347D-4E0A-8D77-FF094B2119F5}
	EndGlobalSection
EndGlobal
